
Microsoft Visual Studio Solution File, Format Version 12.00
# Visual Studio 14
VisualStudioVersion = 14.0.25420.1
MinimumVisualStudioVersion = 10.0.40219.1
Project("{2150E333-8FDC-42A3-9474-1A3956D46DE8}") = "Daphne_on_Android", "Daphne_on_Android", "{AED1933C-B3E0-49E0-ADC3-ACC907220886}"
EndProject
Project("{8BC9CEB8-8B4A-11D0-8D11-00A0C91BC942}") = "Daphne_on_Android.NativeActivity", "Daphne_on_Android\Daphne_on_Android.NativeActivity\Daphne_on_Android.NativeActivity.vcxproj", "{D22930B6-BDE1-4177-A1F0-9B00594C1167}"
	ProjectSection(ProjectDependencies) = postProject
		{B246218C-E9F2-4120-9717-2D23F420621E} = {B246218C-E9F2-4120-9717-2D23F420621E}
		{B043CAD3-E7B3-42EF-ABC4-E8467B1BE0F4} = {B043CAD3-E7B3-42EF-ABC4-E8467B1BE0F4}
		{5E9A88F3-23F8-4A66-971E-4B5AAA1D71B6} = {5E9A88F3-23F8-4A66-971E-4B5AAA1D71B6}
	EndProjectSection
EndProject
Project("{8BC9CEB8-8B4A-11D0-8D11-00A0C91BC942}") = "ogg_on_Android", "..\ogg_on_Android\ogg_on_Android\ogg_on_Android.vcxproj", "{5E9A88F3-23F8-4A66-971E-4B5AAA1D71B6}"
EndProject
Project("{8BC9CEB8-8B4A-11D0-8D11-00A0C91BC942}") = "vorbis_on_Android", "..\vorbis_on_Android\vorbis_on_Android\vorbis_on_Android.vcxproj", "{B246218C-E9F2-4120-9717-2D23F420621E}"
	ProjectSection(ProjectDependencies) = postProject
		{5E9A88F3-23F8-4A66-971E-4B5AAA1D71B6} = {5E9A88F3-23F8-4A66-971E-4B5AAA1D71B6}
	EndProjectSection
EndProject
Project("{8BC9CEB8-8B4A-11D0-8D11-00A0C91BC942}") = "vorbisfile_on_Android", "..\vorbis_on_Android\vorbisfile_on_Android\vorbisfile_on_Android.vcxproj", "{B043CAD3-E7B3-42EF-ABC4-E8467B1BE0F4}"
	ProjectSection(ProjectDependencies) = postProject
		{B246218C-E9F2-4120-9717-2D23F420621E} = {B246218C-E9F2-4120-9717-2D23F420621E}
		{5E9A88F3-23F8-4A66-971E-4B5AAA1D71B6} = {5E9A88F3-23F8-4A66-971E-4B5AAA1D71B6}
	EndProjectSection
EndProject
Global
	GlobalSection(SolutionConfigurationPlatforms) = preSolution
		Debug|ARM = Debug|ARM
		Debug|ARM64 = Debug|ARM64
		Debug|x64 = Debug|x64
		Debug|x86 = Debug|x86
		Release|ARM = Release|ARM
		Release|ARM64 = Release|ARM64
		Release|x64 = Release|x64
		Release|x86 = Release|x86
	EndGlobalSection
	GlobalSection(ProjectConfigurationPlatforms) = postSolution
		{D22930B6-BDE1-4177-A1F0-9B00594C1167}.Debug|ARM.ActiveCfg = Debug|ARM
		{D22930B6-BDE1-4177-A1F0-9B00594C1167}.Debug|ARM.Build.0 = Debug|ARM
		{D22930B6-BDE1-4177-A1F0-9B00594C1167}.Debug|ARM64.ActiveCfg = Debug|ARM64
		{D22930B6-BDE1-4177-A1F0-9B00594C1167}.Debug|ARM64.Build.0 = Debug|ARM64
		{D22930B6-BDE1-4177-A1F0-9B00594C1167}.Debug|x64.ActiveCfg = Debug|x64
		{D22930B6-BDE1-4177-A1F0-9B00594C1167}.Debug|x64.Build.0 = Debug|x64
		{D22930B6-BDE1-4177-A1F0-9B00594C1167}.Debug|x86.ActiveCfg = Debug|x86
		{D22930B6-BDE1-4177-A1F0-9B00594C1167}.Debug|x86.Build.0 = Debug|x86
		{D22930B6-BDE1-4177-A1F0-9B00594C1167}.Release|ARM.ActiveCfg = Release|ARM
		{D22930B6-BDE1-4177-A1F0-9B00594C1167}.Release|ARM.Build.0 = Release|ARM
		{D22930B6-BDE1-4177-A1F0-9B00594C1167}.Release|ARM64.ActiveCfg = Release|ARM64
		{D22930B6-BDE1-4177-A1F0-9B00594C1167}.Release|ARM64.Build.0 = Release|ARM64
		{D22930B6-BDE1-4177-A1F0-9B00594C1167}.Release|x64.ActiveCfg = Release|x64
		{D22930B6-BDE1-4177-A1F0-9B00594C1167}.Release|x64.Build.0 = Release|x64
		{D22930B6-BDE1-4177-A1F0-9B00594C1167}.Release|x86.ActiveCfg = Release|x86
		{D22930B6-BDE1-4177-A1F0-9B00594C1167}.Release|x86.Build.0 = Release|x86
		{5E9A88F3-23F8-4A66-971E-4B5AAA1D71B6}.Debug|ARM.ActiveCfg = Debug|ARM
		{5E9A88F3-23F8-4A66-971E-4B5AAA1D71B6}.Debug|ARM.Build.0 = Debug|ARM
		{5E9A88F3-23F8-4A66-971E-4B5AAA1D71B6}.Debug|ARM64.ActiveCfg = Debug|ARM64
		{5E9A88F3-23F8-4A66-971E-4B5AAA1D71B6}.Debug|ARM64.Build.0 = Debug|ARM64
		{5E9A88F3-23F8-4A66-971E-4B5AAA1D71B6}.Debug|x64.ActiveCfg = Debug|x64
		{5E9A88F3-23F8-4A66-971E-4B5AAA1D71B6}.Debug|x64.Build.0 = Debug|x64
		{5E9A88F3-23F8-4A66-971E-4B5AAA1D71B6}.Debug|x86.ActiveCfg = Debug|x86
		{5E9A88F3-23F8-4A66-971E-4B5AAA1D71B6}.Debug|x86.Build.0 = Debug|x86
		{5E9A88F3-23F8-4A66-971E-4B5AAA1D71B6}.Release|ARM.ActiveCfg = Release|ARM
		{5E9A88F3-23F8-4A66-971E-4B5AAA1D71B6}.Release|ARM.Build.0 = Release|ARM
		{5E9A88F3-23F8-4A66-971E-4B5AAA1D71B6}.Release|ARM64.ActiveCfg = Release|ARM64
		{5E9A88F3-23F8-4A66-971E-4B5AAA1D71B6}.Release|ARM64.Build.0 = Release|ARM64
		{5E9A88F3-23F8-4A66-971E-4B5AAA1D71B6}.Release|x64.ActiveCfg = Release|x64
		{5E9A88F3-23F8-4A66-971E-4B5AAA1D71B6}.Release|x64.Build.0 = Release|x64
		{5E9A88F3-23F8-4A66-971E-4B5AAA1D71B6}.Release|x86.ActiveCfg = Release|x86
		{5E9A88F3-23F8-4A66-971E-4B5AAA1D71B6}.Release|x86.Build.0 = Release|x86
		{B246218C-E9F2-4120-9717-2D23F420621E}.Debug|ARM.ActiveCfg = Debug|ARM
		{B246218C-E9F2-4120-9717-2D23F420621E}.Debug|ARM.Build.0 = Debug|ARM
		{B246218C-E9F2-4120-9717-2D23F420621E}.Debug|ARM64.ActiveCfg = Debug|ARM64
		{B246218C-E9F2-4120-9717-2D23F420621E}.Debug|ARM64.Build.0 = Debug|ARM64
		{B246218C-E9F2-4120-9717-2D23F420621E}.Debug|x64.ActiveCfg = Debug|x64
		{B246218C-E9F2-4120-9717-2D23F420621E}.Debug|x64.Build.0 = Debug|x64
		{B246218C-E9F2-4120-9717-2D23F420621E}.Debug|x86.ActiveCfg = Debug|x86
		{B246218C-E9F2-4120-9717-2D23F420621E}.Debug|x86.Build.0 = Debug|x86
		{B246218C-E9F2-4120-9717-2D23F420621E}.Release|ARM.ActiveCfg = Release|ARM
		{B246218C-E9F2-4120-9717-2D23F420621E}.Release|ARM.Build.0 = Release|ARM
		{B246218C-E9F2-4120-9717-2D23F420621E}.Release|ARM64.ActiveCfg = Release|ARM64
		{B246218C-E9F2-4120-9717-2D23F420621E}.Release|ARM64.Build.0 = Release|ARM64
		{B246218C-E9F2-4120-9717-2D23F420621E}.Release|x64.ActiveCfg = Release|x64
		{B246218C-E9F2-4120-9717-2D23F420621E}.Release|x64.Build.0 = Release|x64
		{B246218C-E9F2-4120-9717-2D23F420621E}.Release|x86.ActiveCfg = Release|x86
		{B246218C-E9F2-4120-9717-2D23F420621E}.Release|x86.Build.0 = Release|x86
		{B043CAD3-E7B3-42EF-ABC4-E8467B1BE0F4}.Debug|ARM.ActiveCfg = Debug|ARM
		{B043CAD3-E7B3-42EF-ABC4-E8467B1BE0F4}.Debug|ARM.Build.0 = Debug|ARM
		{B043CAD3-E7B3-42EF-ABC4-E8467B1BE0F4}.Debug|ARM64.ActiveCfg = Debug|ARM64
		{B043CAD3-E7B3-42EF-ABC4-E8467B1BE0F4}.Debug|ARM64.Build.0 = Debug|ARM64
		{B043CAD3-E7B3-42EF-ABC4-E8467B1BE0F4}.Debug|x64.ActiveCfg = Debug|x64
		{B043CAD3-E7B3-42EF-ABC4-E8467B1BE0F4}.Debug|x64.Build.0 = Debug|x64
		{B043CAD3-E7B3-42EF-ABC4-E8467B1BE0F4}.Debug|x86.ActiveCfg = Debug|x86
		{B043CAD3-E7B3-42EF-ABC4-E8467B1BE0F4}.Debug|x86.Build.0 = Debug|x86
		{B043CAD3-E7B3-42EF-ABC4-E8467B1BE0F4}.Release|ARM.ActiveCfg = Release|ARM
		{B043CAD3-E7B3-42EF-ABC4-E8467B1BE0F4}.Release|ARM.Build.0 = Release|ARM
		{B043CAD3-E7B3-42EF-ABC4-E8467B1BE0F4}.Release|ARM64.ActiveCfg = Release|ARM64
		{B043CAD3-E7B3-42EF-ABC4-E8467B1BE0F4}.Release|ARM64.Build.0 = Release|ARM64
		{B043CAD3-E7B3-42EF-ABC4-E8467B1BE0F4}.Release|x64.ActiveCfg = Release|x64
		{B043CAD3-E7B3-42EF-ABC4-E8467B1BE0F4}.Release|x64.Build.0 = Release|x64
		{B043CAD3-E7B3-42EF-ABC4-E8467B1BE0F4}.Release|x86.ActiveCfg = Release|x86
		{B043CAD3-E7B3-42EF-ABC4-E8467B1BE0F4}.Release|x86.Build.0 = Release|x86
	EndGlobalSection
	GlobalSection(SolutionProperties) = preSolution
		HideSolutionNode = FALSE
	EndGlobalSection
	GlobalSection(NestedProjects) = preSolution
		{D22930B6-BDE1-4177-A1F0-9B00594C1167} = {AED1933C-B3E0-49E0-ADC3-ACC907220886}
	EndGlobalSection
EndGlobal
