<?xml version="1.0" encoding="utf-8"?>
<Project ToolsVersion="4.0" xmlns="http://schemas.microsoft.com/developer/msbuild/2003">
  <ItemGroup>
    <ClInclude Include="pch.h" />
    <ClInclude Include="include\begin_code.h" />
    <ClInclude Include="include\close_code.h" />
    <ClInclude Include="include\SDL.h" />
    <ClInclude Include="include\SDL_assert.h" />
    <ClInclude Include="include\SDL_atomic.h" />
    <ClInclude Include="include\SDL_audio.h" />
    <ClInclude Include="include\SDL_bits.h" />
    <ClInclude Include="include\SDL_blendmode.h" />
    <ClInclude Include="include\SDL_clipboard.h" />
    <ClInclude Include="include\SDL_config.h" />
    <ClInclude Include="include\SDL_config_android.h" />
    <ClInclude Include="include\SDL_config_iphoneos.h" />
    <ClInclude Include="include\SDL_config_macosx.h" />
    <ClInclude Include="include\SDL_config_minimal.h" />
    <ClInclude Include="include\SDL_config_pandora.h" />
    <ClInclude Include="include\SDL_config_psp.h" />
    <ClInclude Include="include\SDL_config_windows.h" />
    <ClInclude Include="include\SDL_config_winrt.h" />
    <ClInclude Include="include\SDL_config_wiz.h" />
    <ClInclude Include="include\SDL_copying.h" />
    <ClInclude Include="include\SDL_cpuinfo.h" />
    <ClInclude Include="include\SDL_egl.h" />
    <ClInclude Include="include\SDL_endian.h" />
    <ClInclude Include="include\SDL_error.h" />
    <ClInclude Include="include\SDL_events.h" />
    <ClInclude Include="include\SDL_filesystem.h" />
    <ClInclude Include="include\SDL_gamecontroller.h" />
    <ClInclude Include="include\SDL_gesture.h" />
    <ClInclude Include="include\SDL_haptic.h" />
    <ClInclude Include="include\SDL_hints.h" />
    <ClInclude Include="include\SDL_joystick.h" />
    <ClInclude Include="include\SDL_keyboard.h" />
    <ClInclude Include="include\SDL_keycode.h" />
    <ClInclude Include="include\SDL_loadso.h" />
    <ClInclude Include="include\SDL_log.h" />
    <ClInclude Include="include\SDL_main.h" />
    <ClInclude Include="include\SDL_messagebox.h" />
    <ClInclude Include="include\SDL_mouse.h" />
    <ClInclude Include="include\SDL_mutex.h" />
    <ClInclude Include="include\SDL_name.h" />
    <ClInclude Include="include\SDL_opengl.h" />
    <ClInclude Include="include\SDL_opengles.h" />
    <ClInclude Include="include\SDL_opengles2.h" />
    <ClInclude Include="include\SDL_pixels.h" />
    <ClInclude Include="include\SDL_platform.h" />
    <ClInclude Include="include\SDL_power.h" />
    <ClInclude Include="include\SDL_quit.h" />
    <ClInclude Include="include\SDL_rect.h" />
    <ClInclude Include="include\SDL_render.h" />
    <ClInclude Include="include\SDL_revision.h" />
    <ClInclude Include="include\SDL_rwops.h" />
    <ClInclude Include="include\SDL_scancode.h" />
    <ClInclude Include="include\SDL_shape.h" />
    <ClInclude Include="include\SDL_stdinc.h" />
    <ClInclude Include="include\SDL_surface.h" />
    <ClInclude Include="include\SDL_system.h" />
    <ClInclude Include="include\SDL_syswm.h" />
    <ClInclude Include="include\SDL_test.h" />
    <ClInclude Include="include\SDL_test_assert.h" />
    <ClInclude Include="include\SDL_test_common.h" />
    <ClInclude Include="include\SDL_test_compare.h" />
    <ClInclude Include="include\SDL_test_crc32.h" />
    <ClInclude Include="include\SDL_test_font.h" />
    <ClInclude Include="include\SDL_test_fuzzer.h" />
    <ClInclude Include="include\SDL_test_harness.h" />
    <ClInclude Include="include\SDL_test_images.h" />
    <ClInclude Include="include\SDL_test_log.h" />
    <ClInclude Include="include\SDL_test_md5.h" />
    <ClInclude Include="include\SDL_test_random.h" />
    <ClInclude Include="include\SDL_thread.h" />
    <ClInclude Include="include\SDL_timer.h" />
    <ClInclude Include="include\SDL_touch.h" />
    <ClInclude Include="include\SDL_types.h" />
    <ClInclude Include="include\SDL_version.h" />
    <ClInclude Include="include\SDL_video.h" />
    <ClInclude Include="src\audio\android\SDL_androidaudio.h" />
    <ClInclude Include="src\audio\SDL_audio_c.h" />
    <ClInclude Include="src\audio\SDL_audiodev_c.h" />
    <ClInclude Include="src\audio\SDL_audiomem.h" />
    <ClInclude Include="src\audio\SDL_sysaudio.h" />
    <ClInclude Include="src\audio\SDL_wave.h" />
    <ClInclude Include="src\core\android\SDL_android.h" />
    <ClInclude Include="src\dynapi\SDL_dynapi.h" />
    <ClInclude Include="src\dynapi\SDL_dynapi_overrides.h" />
    <ClInclude Include="src\dynapi\SDL_dynapi_procs.h" />
    <ClInclude Include="src\events\blank_cursor.h" />
    <ClInclude Include="src\events\default_cursor.h" />
    <ClInclude Include="src\events\scancodes_darwin.h" />
    <ClInclude Include="src\events\scancodes_linux.h" />
    <ClInclude Include="src\events\scancodes_windows.h" />
    <ClInclude Include="src\events\scancodes_xfree86.h" />
    <ClInclude Include="src\events\SDL_clipboardevents_c.h" />
    <ClInclude Include="src\events\SDL_dropevents_c.h" />
    <ClInclude Include="src\events\SDL_events_c.h" />
    <ClInclude Include="src\events\SDL_gesture_c.h" />
    <ClInclude Include="src\events\SDL_keyboard_c.h" />
    <ClInclude Include="src\events\SDL_mouse_c.h" />
    <ClInclude Include="src\events\SDL_sysevents.h" />
    <ClInclude Include="src\events\SDL_touch_c.h" />
    <ClInclude Include="src\events\SDL_windowevents_c.h" />
    <ClInclude Include="src\haptic\SDL_haptic_c.h" />
    <ClInclude Include="src\haptic\SDL_syshaptic.h" />
    <ClInclude Include="src\joystick\android\SDL_sysjoystick_c.h" />
    <ClInclude Include="src\joystick\SDL_gamecontrollerdb.h" />
    <ClInclude Include="src\joystick\SDL_joystick_c.h" />
    <ClInclude Include="src\joystick\SDL_sysjoystick.h" />
    <ClInclude Include="src\libm\math_libm.h" />
    <ClInclude Include="src\libm\math_private.h" />
    <ClInclude Include="src\render\opengl\SDL_glfuncs.h" />
    <ClInclude Include="src\render\opengl\SDL_shaders_gl.h" />
    <ClInclude Include="src\render\opengles\SDL_glesfuncs.h" />
    <ClInclude Include="src\render\opengles2\SDL_gles2funcs.h" />
    <ClInclude Include="src\render\opengles2\SDL_shaders_gles2.h" />
    <ClInclude Include="src\render\software\SDL_blendfillrect.h" />
    <ClInclude Include="src\render\software\SDL_blendline.h" />
    <ClInclude Include="src\render\software\SDL_blendpoint.h" />
    <ClInclude Include="src\render\software\SDL_draw.h" />
    <ClInclude Include="src\render\software\SDL_drawline.h" />
    <ClInclude Include="src\render\software\SDL_drawpoint.h" />
    <ClInclude Include="src\render\software\SDL_render_sw_c.h" />
    <ClInclude Include="src\render\software\SDL_rotate.h" />
    <ClInclude Include="src\render\mmx.h" />
    <ClInclude Include="src\render\SDL_sysrender.h" />
    <ClInclude Include="src\render\SDL_yuv_sw_c.h" />
    <ClInclude Include="src\thread\pthread\SDL_sysmutex_c.h" />
    <ClInclude Include="src\thread\pthread\SDL_systhread_c.h" />
    <ClInclude Include="src\thread\SDL_systhread.h" />
    <ClInclude Include="src\thread\SDL_thread_c.h" />
    <ClInclude Include="src\timer\SDL_timer_c.h" />
    <ClInclude Include="src\video\android\SDL_androidclipboard.h" />
    <ClInclude Include="src\video\android\SDL_androidevents.h" />
    <ClInclude Include="src\video\android\SDL_androidkeyboard.h" />
    <ClInclude Include="src\video\android\SDL_androidtouch.h" />
    <ClInclude Include="src\video\android\SDL_androidvideo.h" />
    <ClInclude Include="src\video\android\SDL_androidwindow.h" />
    <ClInclude Include="src\video\SDL_blit.h" />
    <ClInclude Include="src\video\SDL_blit_auto.h" />
    <ClInclude Include="src\video\SDL_blit_copy.h" />
    <ClInclude Include="src\video\SDL_blit_slow.h" />
    <ClInclude Include="src\video\SDL_egl_c.h" />
    <ClInclude Include="src\video\SDL_pixels_c.h" />
    <ClInclude Include="src\video\SDL_rect_c.h" />
    <ClInclude Include="src\video\SDL_RLEaccel_c.h" />
    <ClInclude Include="src\video\SDL_shape_internals.h" />
    <ClInclude Include="src\video\SDL_sysvideo.h" />
    <ClInclude Include="src\SDL_assert_c.h" />
    <ClInclude Include="src\SDL_error_c.h" />
    <ClInclude Include="src\SDL_internal.h" />
    <ClInclude Include="src\audio\dummy\SDL_dummyaudio.h" />
    <ClInclude Include="daphne-1.0-src\cpu\6809infc.h" />
    <ClInclude Include="daphne-1.0-src\cpu\cop.h" />
    <ClInclude Include="daphne-1.0-src\cpu\copintf.h" />
    <ClInclude Include="daphne-1.0-src\cpu\cpu.h" />
    <ClInclude Include="daphne-1.0-src\cpu\cpu-debug.h" />
    <ClInclude Include="daphne-1.0-src\cpu\generic_z80.h" />
    <ClInclude Include="daphne-1.0-src\cpu\m80.h" />
    <ClInclude Include="daphne-1.0-src\cpu\m80tables.h" />
    <ClInclude Include="daphne-1.0-src\cpu\mamewrap.h" />
    <ClInclude Include="daphne-1.0-src\cpu\nes_6502.h" />
    <ClInclude Include="daphne-1.0-src\cpu\nes6502.h" />
    <ClInclude Include="daphne-1.0-src\cpu\types.h" />
    <ClInclude Include="daphne-1.0-src\game\astron.h" />
    <ClInclude Include="daphne-1.0-src\game\badlands.h" />
    <ClInclude Include="daphne-1.0-src\game\bega.h" />
    <ClInclude Include="daphne-1.0-src\game\benchmark.h" />
    <ClInclude Include="daphne-1.0-src\game\boardinfo.h" />
    <ClInclude Include="daphne-1.0-src\game\cliff.h" />
    <ClInclude Include="daphne-1.0-src\game\cobraconv.h" />
    <ClInclude Include="daphne-1.0-src\game\cputest.h" />
    <ClInclude Include="daphne-1.0-src\game\esh.h" />
    <ClInclude Include="daphne-1.0-src\game\ffr.h" />
    <ClInclude Include="daphne-1.0-src\game\firefox.h" />
    <ClInclude Include="daphne-1.0-src\game\game.h" />
    <ClInclude Include="daphne-1.0-src\game\gpworld.h" />
    <ClInclude Include="daphne-1.0-src\game\interstellar.h" />
    <ClInclude Include="daphne-1.0-src\game\lair.h" />
    <ClInclude Include="daphne-1.0-src\game\lair2.h" />
    <ClInclude Include="daphne-1.0-src\game\laireuro.h" />
    <ClInclude Include="daphne-1.0-src\game\lgp.h" />
    <ClInclude Include="daphne-1.0-src\game\mach3.h" />
    <ClInclude Include="daphne-1.0-src\game\multicputest.h" />
    <ClInclude Include="daphne-1.0-src\game\releasetest.h" />
    <ClInclude Include="daphne-1.0-src\game\seektest.h" />
    <ClInclude Include="daphne-1.0-src\game\singe.h" />
    <ClInclude Include="daphne-1.0-src\game\speedtest.h" />
    <ClInclude Include="daphne-1.0-src\game\starrider.h" />
    <ClInclude Include="daphne-1.0-src\game\superd.h" />
    <ClInclude Include="daphne-1.0-src\game\test_sb.h" />
    <ClInclude Include="daphne-1.0-src\game\thayers.h" />
    <ClInclude Include="daphne-1.0-src\game\timetrav.h" />
    <ClInclude Include="daphne-1.0-src\io\cmdline.h" />
    <ClInclude Include="daphne-1.0-src\io\conin.h" />
    <ClInclude Include="daphne-1.0-src\io\conout.h" />
    <ClInclude Include="daphne-1.0-src\io\dll.h" />
    <ClInclude Include="daphne-1.0-src\io\error.h" />
    <ClInclude Include="daphne-1.0-src\io\fileparse.h" />
    <ClInclude Include="daphne-1.0-src\io\homedir.h" />
    <ClInclude Include="daphne-1.0-src\io\input.h" />
    <ClInclude Include="daphne-1.0-src\io\logger.h" />
    <ClInclude Include="daphne-1.0-src\io\logger_console.h" />
    <ClInclude Include="daphne-1.0-src\io\logger_factory.h" />
    <ClInclude Include="daphne-1.0-src\io\mpo_fileio.h" />
    <ClInclude Include="daphne-1.0-src\io\mpo_mem.h" />
    <ClInclude Include="daphne-1.0-src\io\my_stdio.h" />
    <ClInclude Include="daphne-1.0-src\io\network.h" />
    <ClInclude Include="daphne-1.0-src\io\numstr.h" />
    <ClInclude Include="daphne-1.0-src\io\parallel.h" />
    <ClInclude Include="daphne-1.0-src\io\serial.h" />
    <ClInclude Include="daphne-1.0-src\io\sram.h" />
    <ClInclude Include="daphne-1.0-src\io\unzip.h" />
    <ClInclude Include="daphne-1.0-src\ldp-in\ldp1000.h" />
    <ClInclude Include="daphne-1.0-src\ldp-in\ldv1000.h" />
    <ClInclude Include="daphne-1.0-src\ldp-in\pr7820.h" />
    <ClInclude Include="daphne-1.0-src\ldp-in\pr8210.h" />
    <ClInclude Include="daphne-1.0-src\ldp-in\vip9500sg.h" />
    <ClInclude Include="daphne-1.0-src\ldp-in\vp380.h" />
    <ClInclude Include="daphne-1.0-src\ldp-in\vp931.h" />
    <ClInclude Include="daphne-1.0-src\ldp-in\vp932.h" />
    <ClInclude Include="daphne-1.0-src\ldp-out\framemod.h" />
    <ClInclude Include="daphne-1.0-src\ldp-out\hitachi.h" />
    <ClInclude Include="daphne-1.0-src\ldp-out\ldp.h" />
    <ClInclude Include="daphne-1.0-src\ldp-out\ldp-combo.h" />
    <ClInclude Include="daphne-1.0-src\ldp-out\ldp-vldp.h" />
    <ClInclude Include="daphne-1.0-src\ldp-out\ldp-vldp-gl.h" />
    <ClInclude Include="daphne-1.0-src\ldp-out\ldp-vldp-gp2x.h" />
    <ClInclude Include="daphne-1.0-src\ldp-out\ld-v6000.h" />
    <ClInclude Include="daphne-1.0-src\ldp-out\philips.h" />
    <ClInclude Include="daphne-1.0-src\ldp-out\pioneer.h" />
    <ClInclude Include="daphne-1.0-src\ldp-out\sony.h" />
    <ClInclude Include="daphne-1.0-src\scoreboard\hw_scoreboard.h" />
    <ClInclude Include="daphne-1.0-src\scoreboard\img_scoreboard.h" />
    <ClInclude Include="daphne-1.0-src\scoreboard\null_scoreboard.h" />
    <ClInclude Include="daphne-1.0-src\scoreboard\overlay_scoreboard.h" />
    <ClInclude Include="daphne-1.0-src\scoreboard\scoreboard_collection.h" />
    <ClInclude Include="daphne-1.0-src\scoreboard\scoreboard_factory.h" />
    <ClInclude Include="daphne-1.0-src\scoreboard\scoreboard_interface.h" />
    <ClInclude Include="daphne-1.0-src\sound\dac.h" />
    <ClInclude Include="daphne-1.0-src\sound\gisound.h" />
    <ClInclude Include="daphne-1.0-src\sound\mix.h" />
    <ClInclude Include="daphne-1.0-src\sound\pc_beeper.h" />
    <ClInclude Include="daphne-1.0-src\sound\samples.h" />
    <ClInclude Include="daphne-1.0-src\sound\sn_intf.h" />
    <ClInclude Include="daphne-1.0-src\sound\sound.h" />
    <ClInclude Include="daphne-1.0-src\sound\ssi263.h" />
    <ClInclude Include="daphne-1.0-src\sound\tms9919.hpp" />
    <ClInclude Include="daphne-1.0-src\sound\tms9919-sdl.hpp" />
    <ClInclude Include="daphne-1.0-src\sound\tonegen.h" />
    <ClInclude Include="daphne-1.0-src\sound\tqsynth.h" />
    <ClInclude Include="daphne-1.0-src\timer\timer.h" />
    <ClInclude Include="daphne-1.0-src\video\blend.h" />
    <ClInclude Include="daphne-1.0-src\video\led.h" />
    <ClInclude Include="daphne-1.0-src\video\palette.h" />
    <ClInclude Include="daphne-1.0-src\video\rgb2yuv.h" />
    <ClInclude Include="daphne-1.0-src\video\SDL_Console.h" />
    <ClInclude Include="daphne-1.0-src\video\SDL_ConsoleCommands.h" />
    <ClInclude Include="daphne-1.0-src\video\SDL_DrawText.h" />
    <ClInclude Include="daphne-1.0-src\video\tms9128nl.h" />
    <ClInclude Include="daphne-1.0-src\video\video.h" />
    <ClInclude Include="daphne-1.0-src\vldp2\include\config.h" />
    <ClInclude Include="daphne-1.0-src\vldp2\libmpeg2\mpeg2_internal.h" />
    <ClInclude Include="daphne-1.0-src\vldp2\libmpeg2\vlc.h" />
    <ClInclude Include="daphne-1.0-src\vldp2\vc++\config.h" />
    <ClInclude Include="daphne-1.0-src\vldp2\vc++\inttypes.h" />
    <ClInclude Include="daphne-1.0-src\vldp2\vldp\mpegscan.h" />
    <ClInclude Include="daphne-1.0-src\vldp2\vldp\vldp.h" />
    <ClInclude Include="daphne-1.0-src\vldp2\vldp\vldp_common.h" />
    <ClInclude Include="daphne-1.0-src\vldp2\vldp\vldp_internal.h" />
    <ClInclude Include="daphne-1.0-src\daphne.h" />
    <ClInclude Include="daphne-1.0-src\globals.h" />
    <ClInclude Include="daphne-1.0-src\resource.h" />
    <ClInclude Include="libretro\libretro.h" />
    <ClInclude Include="libretro\libretro_daphne.h" />
    <ClInclude Include="main_android.h" />
    <ClInclude Include="android_native_app_glue.h" />
    <ClInclude Include="daphne-1.0-src\cpu\z80_obsolete.h" />
    <ClInclude Include="daphne-1.0-src\cpu\z80daa.h" />
    <ClInclude Include="daphne-1.0-src\cpu\m80daa.h" />
    <ClInclude Include="daphne-1.0-src\cpu\m80_internal.h" />
    <ClInclude Include="daphne-1.0-src\cpu\x86\i86intf.h" />
    <ClInclude Include="daphne-1.0-src\cpu\x86\i86.h" />
    <ClInclude Include="daphne-1.0-src\cpu\x86\instr86.h" />
    <ClInclude Include="daphne-1.0-src\cpu\x86\ea.h" />
    <ClInclude Include="daphne-1.0-src\cpu\x86\modrm.h" />
    <ClInclude Include="daphne-1.0-src\cpu\x86\table86.h" />
    <ClInclude Include="daphne-1.0-src\cpu\x86\host.h" />
    <ClInclude Include="daphne-1.0-src\cpu\mc6809_ORIG.h" />
    <ClInclude Include="daphne-1.0-src\cpu\mc6809_v1.h" />
    <ClInclude Include="daphne-1.0-src\cpu\mc6809.h" />
  </ItemGroup>
  <ItemGroup>
    <ClCompile Include="src\atomic\SDL_atomic.c" />
    <ClCompile Include="src\atomic\SDL_spinlock.c" />
    <ClCompile Include="src\audio\android\SDL_androidaudio.c" />
    <ClCompile Include="src\audio\SDL_audio.c" />
    <ClCompile Include="src\audio\SDL_audiocvt.c" />
    <ClCompile Include="src\audio\SDL_audiodev.c" />
    <ClCompile Include="src\audio\SDL_audiotypecvt.c" />
    <ClCompile Include="src\audio\SDL_mixer.c" />
    <ClCompile Include="src\audio\SDL_wave.c" />
    <ClCompile Include="src\core\android\SDL_android.c" />
    <ClCompile Include="src\cpuinfo\SDL_cpuinfo.c" />
    <ClCompile Include="src\dynapi\SDL_dynapi.c" />
    <ClCompile Include="src\events\SDL_clipboardevents.c" />
    <ClCompile Include="src\events\SDL_dropevents.c" />
    <ClCompile Include="src\events\SDL_events.c" />
    <ClCompile Include="src\events\SDL_gesture.c" />
    <ClCompile Include="src\events\SDL_keyboard.c" />
    <ClCompile Include="src\events\SDL_mouse.c" />
    <ClCompile Include="src\events\SDL_quit.c" />
    <ClCompile Include="src\events\SDL_touch.c" />
    <ClCompile Include="src\events\SDL_windowevents.c" />
    <ClCompile Include="src\file\SDL_rwops.c" />
    <ClCompile Include="src\filesystem\dummy\SDL_sysfilesystem.c" />
    <ClCompile Include="src\haptic\dummy\SDL_syshaptic.c" />
    <ClCompile Include="src\haptic\SDL_haptic.c" />
    <ClCompile Include="src\joystick\android\SDL_sysjoystick.c" />
    <ClCompile Include="src\joystick\SDL_gamecontroller.c" />
    <ClCompile Include="src\joystick\SDL_joystick.c" />
    <ClCompile Include="src\libm\e_atan2.c" />
    <ClCompile Include="src\libm\e_log.c" />
    <ClCompile Include="src\libm\e_pow.c" />
    <ClCompile Include="src\libm\e_rem_pio2.c" />
    <ClCompile Include="src\libm\e_sqrt.c" />
    <ClCompile Include="src\libm\k_cos.c" />
    <ClCompile Include="src\libm\k_rem_pio2.c" />
    <ClCompile Include="src\libm\k_sin.c" />
    <ClCompile Include="src\libm\s_atan.c" />
    <ClCompile Include="src\libm\s_copysign.c" />
    <ClCompile Include="src\libm\s_cos.c" />
    <ClCompile Include="src\libm\s_fabs.c" />
    <ClCompile Include="src\libm\s_floor.c" />
    <ClCompile Include="src\libm\s_scalbn.c" />
    <ClCompile Include="src\libm\s_sin.c" />
    <ClCompile Include="src\main\android\SDL_android_main.c" />
    <ClCompile Include="src\power\android\SDL_syspower.c" />
    <ClCompile Include="src\power\SDL_power.c" />
    <ClCompile Include="src\render\opengl\SDL_render_gl.c" />
    <ClCompile Include="src\render\opengl\SDL_shaders_gl.c" />
    <ClCompile Include="src\render\opengles\SDL_render_gles.c" />
    <ClCompile Include="src\render\opengles2\SDL_render_gles2.c" />
    <ClCompile Include="src\render\opengles2\SDL_shaders_gles2.c" />
    <ClCompile Include="src\render\software\SDL_blendfillrect.c" />
    <ClCompile Include="src\render\software\SDL_blendline.c" />
    <ClCompile Include="src\render\software\SDL_blendpoint.c" />
    <ClCompile Include="src\render\software\SDL_drawline.c" />
    <ClCompile Include="src\render\software\SDL_drawpoint.c" />
    <ClCompile Include="src\render\software\SDL_render_sw.c" />
    <ClCompile Include="src\render\software\SDL_rotate.c" />
    <ClCompile Include="src\render\SDL_render.c" />
    <ClCompile Include="src\render\SDL_yuv_mmx.c" />
    <ClCompile Include="src\render\SDL_yuv_sw.c" />
    <ClCompile Include="src\stdlib\SDL_getenv.c" />
    <ClCompile Include="src\stdlib\SDL_iconv.c" />
    <ClCompile Include="src\stdlib\SDL_malloc.c" />
    <ClCompile Include="src\stdlib\SDL_qsort.c" />
    <ClCompile Include="src\stdlib\SDL_stdlib.c" />
    <ClCompile Include="src\stdlib\SDL_string.c" />
    <ClCompile Include="src\thread\pthread\SDL_syscond.c" />
    <ClCompile Include="src\thread\pthread\SDL_sysmutex.c" />
    <ClCompile Include="src\thread\pthread\SDL_syssem.c" />
    <ClCompile Include="src\thread\pthread\SDL_systhread.c" />
    <ClCompile Include="src\thread\pthread\SDL_systls.c" />
    <ClCompile Include="src\thread\SDL_thread.c" />
    <ClCompile Include="src\timer\SDL_timer.c" />
    <ClCompile Include="src\video\android\SDL_androidclipboard.c" />
    <ClCompile Include="src\video\android\SDL_androidevents.c" />
    <ClCompile Include="src\video\android\SDL_androidgl.c" />
    <ClCompile Include="src\video\android\SDL_androidkeyboard.c" />
    <ClCompile Include="src\video\android\SDL_androidtouch.c" />
    <ClCompile Include="src\video\android\SDL_androidvideo.c" />
    <ClCompile Include="src\video\android\SDL_androidwindow.c" />
    <ClCompile Include="src\video\SDL_blit.c" />
    <ClCompile Include="src\video\SDL_blit_0.c" />
    <ClCompile Include="src\video\SDL_blit_1.c" />
    <ClCompile Include="src\video\SDL_blit_A.c" />
    <ClCompile Include="src\video\SDL_blit_auto.c" />
    <ClCompile Include="src\video\SDL_blit_copy.c" />
    <ClCompile Include="src\video\SDL_blit_N.c" />
    <ClCompile Include="src\video\SDL_blit_slow.c" />
    <ClCompile Include="src\video\SDL_bmp.c" />
    <ClCompile Include="src\video\SDL_clipboard.c" />
    <ClCompile Include="src\video\SDL_egl.c" />
    <ClCompile Include="src\video\SDL_fillrect.c" />
    <ClCompile Include="src\video\SDL_pixels.c" />
    <ClCompile Include="src\video\SDL_rect.c" />
    <ClCompile Include="src\video\SDL_RLEaccel.c" />
    <ClCompile Include="src\video\SDL_shape.c" />
    <ClCompile Include="src\video\SDL_stretch.c" />
    <ClCompile Include="src\video\SDL_surface.c" />
    <ClCompile Include="src\video\SDL_video.c" />
    <ClCompile Include="src\SDL.c" />
    <ClCompile Include="src\SDL_assert.c" />
    <ClCompile Include="src\SDL_error.c" />
    <ClCompile Include="src\SDL_hints.c" />
    <ClCompile Include="src\SDL_log.c" />
    <ClCompile Include="main.c" />
    <ClCompile Include="src\timer\unix\SDL_systimer.c" />
    <ClCompile Include="src\loadso\dlopen\SDL_sysloadso.c" />
    <ClCompile Include="src\audio\dummy\SDL_dummyaudio.c" />
    <ClCompile Include="daphne-1.0-src\cpu\cop.cpp" />
    <ClCompile Include="daphne-1.0-src\cpu\copintf.cpp" />
    <ClCompile Include="daphne-1.0-src\cpu\cpu.cpp" />
    <ClCompile Include="daphne-1.0-src\cpu\cpu-debug.cpp" />
    <ClCompile Include="daphne-1.0-src\cpu\mamewrap.cpp" />
    <ClCompile Include="daphne-1.0-src\cpu\nes_6502.cpp" />
    <ClCompile Include="daphne-1.0-src\cpu\nes6502.cpp" />
    <ClCompile Include="daphne-1.0-src\cpu\z80.cpp" />
    <ClCompile Include="daphne-1.0-src\game\astron.cpp" />
    <ClCompile Include="daphne-1.0-src\game\badlands.cpp" />
    <ClCompile Include="daphne-1.0-src\game\bega.cpp" />
    <ClCompile Include="daphne-1.0-src\game\benchmark.cpp" />
    <ClCompile Include="daphne-1.0-src\game\boardinfo.cpp" />
    <ClCompile Include="daphne-1.0-src\game\cliff.cpp" />
    <ClCompile Include="daphne-1.0-src\game\cobraconv.cpp" />
    <ClCompile Include="daphne-1.0-src\game\cputest.cpp" />
    <ClCompile Include="daphne-1.0-src\game\esh.cpp" />
    <ClCompile Include="daphne-1.0-src\game\ffr.cpp" />
    <ClCompile Include="daphne-1.0-src\game\firefox.cpp" />
    <ClCompile Include="daphne-1.0-src\game\game.cpp" />
    <ClCompile Include="daphne-1.0-src\game\gpworld.cpp" />
    <ClCompile Include="daphne-1.0-src\game\interstellar.cpp" />
    <ClCompile Include="daphne-1.0-src\game\lair.cpp" />
    <ClCompile Include="daphne-1.0-src\game\lair2.cpp" />
    <ClCompile Include="daphne-1.0-src\game\laireuro.cpp" />
    <ClCompile Include="daphne-1.0-src\game\lgp.cpp" />
    <ClCompile Include="daphne-1.0-src\game\mach3.cpp" />
    <ClCompile Include="daphne-1.0-src\game\multicputest.cpp" />
    <ClCompile Include="daphne-1.0-src\game\releasetest.cpp" />
    <ClCompile Include="daphne-1.0-src\game\seektest.cpp" />
    <ClCompile Include="daphne-1.0-src\game\singe.cpp" />
    <ClCompile Include="daphne-1.0-src\game\speedtest.cpp" />
    <ClCompile Include="daphne-1.0-src\game\starrider.cpp" />
    <ClCompile Include="daphne-1.0-src\game\superd.cpp" />
    <ClCompile Include="daphne-1.0-src\game\test_sb.cpp" />
    <ClCompile Include="daphne-1.0-src\game\thayers.cpp" />
    <ClCompile Include="daphne-1.0-src\game\timetrav.cpp" />
    <ClCompile Include="daphne-1.0-src\io\cmdline.cpp" />
    <ClCompile Include="daphne-1.0-src\io\conin.cpp" />
    <ClCompile Include="daphne-1.0-src\io\conout.cpp" />
    <ClCompile Include="daphne-1.0-src\io\error.cpp" />
    <ClCompile Include="daphne-1.0-src\io\fileparse.cpp" />
    <ClCompile Include="daphne-1.0-src\io\homedir.cpp" />
    <ClCompile Include="daphne-1.0-src\io\input.cpp" />
    <ClCompile Include="daphne-1.0-src\io\logger.cpp" />
    <ClCompile Include="daphne-1.0-src\io\logger_console.cpp" />
    <ClCompile Include="daphne-1.0-src\io\logger_factory.cpp" />
    <ClCompile Include="daphne-1.0-src\io\mpo_fileio.cpp" />
    <ClCompile Include="daphne-1.0-src\io\network.cpp" />
    <ClCompile Include="daphne-1.0-src\io\numstr.cpp" />
    <ClCompile Include="daphne-1.0-src\io\parallel.cpp" />
    <ClCompile Include="daphne-1.0-src\io\serial.cpp" />
    <ClCompile Include="daphne-1.0-src\io\sram.cpp" />
    <ClCompile Include="daphne-1.0-src\io\unzip.cpp" />
    <ClCompile Include="daphne-1.0-src\ldp-in\ldp1000.cpp" />
    <ClCompile Include="daphne-1.0-src\ldp-in\ldv1000.cpp" />
    <ClCompile Include="daphne-1.0-src\ldp-in\pr7820.cpp" />
    <ClCompile Include="daphne-1.0-src\ldp-in\pr8210.cpp" />
    <ClCompile Include="daphne-1.0-src\ldp-in\vip9500sg.cpp" />
    <ClCompile Include="daphne-1.0-src\ldp-in\vp380.cpp" />
    <ClCompile Include="daphne-1.0-src\ldp-in\vp931.cpp" />
    <ClCompile Include="daphne-1.0-src\ldp-in\vp932.cpp" />
    <ClCompile Include="daphne-1.0-src\ldp-out\framemod.cpp" />
    <ClCompile Include="daphne-1.0-src\ldp-out\hitachi.cpp" />
    <ClCompile Include="daphne-1.0-src\ldp-out\ldp.cpp" />
    <ClCompile Include="daphne-1.0-src\ldp-out\ldp-combo.cpp" />
    <ClCompile Include="daphne-1.0-src\ldp-out\ldp-vldp.cpp" />
    <ClCompile Include="daphne-1.0-src\ldp-out\ldp-vldp-audio.cpp" />
    <ClCompile Include="daphne-1.0-src\ldp-out\ldp-vldp-gl.cpp" />
    <ClCompile Include="daphne-1.0-src\ldp-out\ldp-vldp-gp2x.cpp" />
    <ClCompile Include="daphne-1.0-src\ldp-out\ld-v6000.cpp" />
    <ClCompile Include="daphne-1.0-src\ldp-out\philips.cpp" />
    <ClCompile Include="daphne-1.0-src\ldp-out\pioneer.cpp" />
    <ClCompile Include="daphne-1.0-src\ldp-out\sony.cpp" />
    <ClCompile Include="daphne-1.0-src\scoreboard\hw_scoreboard.cpp" />
    <ClCompile Include="daphne-1.0-src\scoreboard\img_scoreboard.cpp" />
    <ClCompile Include="daphne-1.0-src\scoreboard\null_scoreboard.cpp" />
    <ClCompile Include="daphne-1.0-src\scoreboard\overlay_scoreboard.cpp" />
    <ClCompile Include="daphne-1.0-src\scoreboard\scoreboard_collection.cpp" />
    <ClCompile Include="daphne-1.0-src\scoreboard\scoreboard_factory.cpp" />
    <ClCompile Include="daphne-1.0-src\scoreboard\scoreboard_interface.cpp" />
    <ClCompile Include="daphne-1.0-src\sound\dac.cpp" />
    <ClCompile Include="daphne-1.0-src\sound\gisound.cpp" />
    <ClCompile Include="daphne-1.0-src\sound\mix.cpp" />
    <ClCompile Include="daphne-1.0-src\sound\pc_beeper.cpp" />
    <ClCompile Include="daphne-1.0-src\sound\samples.cpp" />
    <ClCompile Include="daphne-1.0-src\sound\sn_intf.cpp" />
    <ClCompile Include="daphne-1.0-src\sound\sound.cpp" />
    <ClCompile Include="daphne-1.0-src\sound\ssi263.cpp" />
    <ClCompile Include="daphne-1.0-src\sound\tms9919.cpp" />
    <ClCompile Include="daphne-1.0-src\sound\tms9919-sdl.cpp" />
    <ClCompile Include="daphne-1.0-src\sound\tonegen.cpp" />
    <ClCompile Include="daphne-1.0-src\sound\tqsynth.cpp" />
    <ClCompile Include="daphne-1.0-src\timer\timer.cpp" />
    <ClCompile Include="daphne-1.0-src\video\blend.cpp" />
    <ClCompile Include="daphne-1.0-src\video\led.cpp" />
    <ClCompile Include="daphne-1.0-src\video\palette.cpp" />
    <ClCompile Include="daphne-1.0-src\video\rgb2yuv.cpp" />
    <ClCompile Include="daphne-1.0-src\video\SDL_Console.cpp" />
    <ClCompile Include="daphne-1.0-src\video\SDL_ConsoleCommands.cpp" />
    <ClCompile Include="daphne-1.0-src\video\SDL_DrawText.cpp" />
    <ClCompile Include="daphne-1.0-src\video\tms9128nl.cpp" />
    <ClCompile Include="daphne-1.0-src\video\video.cpp" />
    <ClCompile Include="daphne-1.0-src\vldp2\libmpeg2\alloc.c" />
    <ClCompile Include="daphne-1.0-src\vldp2\libmpeg2\cpu_accel.c" />
    <ClCompile Include="daphne-1.0-src\vldp2\libmpeg2\cpu_state.c" />
    <ClCompile Include="daphne-1.0-src\vldp2\libmpeg2\decode.c" />
    <ClCompile Include="daphne-1.0-src\vldp2\libmpeg2\header.c" />
    <ClCompile Include="daphne-1.0-src\vldp2\libmpeg2\idct.c" />
    <ClCompile Include="daphne-1.0-src\vldp2\libmpeg2\idct_mmx.c" />
    <ClCompile Include="daphne-1.0-src\vldp2\libmpeg2\motion_comp.c" />
    <ClCompile Include="daphne-1.0-src\vldp2\libmpeg2\motion_comp_mmx.c" />
    <ClCompile Include="daphne-1.0-src\vldp2\libmpeg2\slice.c" />
    <ClCompile Include="daphne-1.0-src\vldp2\libvo\video_out.c" />
    <ClCompile Include="daphne-1.0-src\vldp2\libvo\video_out_null.c" />
    <ClCompile Include="daphne-1.0-src\vldp2\vldp\mpegscan.c" />
    <ClCompile Include="daphne-1.0-src\vldp2\vldp\vldp.c" />
    <ClCompile Include="daphne-1.0-src\vldp2\vldp\vldp_internal.c" />
    <ClCompile Include="daphne-1.0-src\daphne.cpp" />
    <ClCompile Include="daphne-1.0-src\cpu\m80.cpp" />
    <ClCompile Include="libretro\libretro.cpp" />
    <ClCompile Include="android_native_app_glue.c" />
    <ClCompile Include="daphne-1.0-src\cpu\x86\i86.cpp" />
    <ClCompile Include="daphne-1.0-src\cpu\x86\i86dasm.cpp" />
    <ClCompile Include="daphne-1.0-src\cpu\mc6809_ORIG.cpp" />
    <ClCompile Include="daphne-1.0-src\cpu\mc6809_v1.cpp" />
    <ClCompile Include="daphne-1.0-src\cpu\6809infc_v1.cpp" />
    <ClCompile Include="daphne-1.0-src\cpu\6809infc_ORIG.cpp" />
    <ClCompile Include="daphne-1.0-src\cpu\6809infc.cpp" />
    <ClCompile Include="daphne-1.0-src\cpu\mc6809.cpp" />
  </ItemGroup>
  <ItemGroup>
    <None Include="daphne-1.0-src\sound\mix_mmx-masm.asm" />
    <None Include="daphne-1.0-src\video\rgb2yuv-masm.asm" />
    <None Include="daphne-1.0-src\video\blend_mmx-masm.asm" />
  </ItemGroup>
</Project>