<?xml version="1.0" encoding="utf-8"?>
<Project ToolsVersion="4.0" xmlns="http://schemas.microsoft.com/developer/msbuild/2003">
  <ItemGroup>
    <ClInclude Include="include\vorbis\codec.h" />
    <ClInclude Include="include\vorbis\vorbisenc.h" />
    <ClInclude Include="src\mdct.h" />
    <ClInclude Include="src\window.h" />
    <ClInclude Include="src\smallft.h" />
    <ClInclude Include="src\envelope.h" />
    <ClInclude Include="src\lsp.h" />
    <ClInclude Include="src\lpc.h" />
    <ClInclude Include="src\psy.h" />
    <ClInclude Include="src\registry.h" />
    <ClInclude Include="src\codebook.h" />
    <ClInclude Include="src\lookup.h" />
    <ClInclude Include="src\bitrate.h" />
    <ClInclude Include="src\modes\floor_all.h" />
    <ClInclude Include="src\backends.h" />
    <ClInclude Include="src\books\floor\floor_books.h" />
    <ClInclude Include="src\codec_internal.h" />
    <ClInclude Include="src\misc.h" />
    <ClInclude Include="src\os.h" />
    <ClInclude Include="src\modes\psych_8.h" />
    <ClInclude Include="src\modes\psych_11.h" />
    <ClInclude Include="src\modes\psych_16.h" />
    <ClInclude Include="src\modes\psych_44.h" />
    <ClInclude Include="src\modes\residue_8.h" />
    <ClInclude Include="src\modes\residue_16.h" />
    <ClInclude Include="src\modes\residue_44.h" />
    <ClInclude Include="src\modes\residue_44p51.h" />
    <ClInclude Include="src\modes\residue_44u.h" />
    <ClInclude Include="src\modes\setup_8.h" />
    <ClInclude Include="src\modes\setup_11.h" />
    <ClInclude Include="src\modes\setup_16.h" />
    <ClInclude Include="src\modes\setup_22.h" />
    <ClInclude Include="src\modes\setup_32.h" />
    <ClInclude Include="src\modes\setup_44.h" />
    <ClInclude Include="src\modes\setup_44p51.h" />
    <ClInclude Include="src\modes\setup_44u.h" />
    <ClInclude Include="src\modes\setup_X.h" />
    <ClInclude Include="src\books\uncoupled\res_books_uncoupled.h" />
    <ClInclude Include="src\books\coupled\res_books_stereo.h" />
    <ClInclude Include="src\books\coupled\res_books_51.h" />
    <ClInclude Include="src\highlevel.h" />
    <ClInclude Include="src\lookup_data.h" />
    <ClInclude Include="src\masking.h" />
    <ClInclude Include="src\scales.h" />
    <ClInclude Include="include\vorbis\modes\floor_all.h" />
    <ClInclude Include="include\vorbis\modes\psych_8.h" />
    <ClInclude Include="include\vorbis\modes\psych_11.h" />
    <ClInclude Include="include\vorbis\modes\psych_16.h" />
    <ClInclude Include="include\vorbis\modes\psych_44.h" />
    <ClInclude Include="include\vorbis\modes\residue_8.h" />
    <ClInclude Include="include\vorbis\modes\residue_16.h" />
    <ClInclude Include="include\vorbis\modes\residue_44.h" />
    <ClInclude Include="include\vorbis\modes\residue_44p51.h" />
    <ClInclude Include="include\vorbis\modes\residue_44u.h" />
    <ClInclude Include="include\vorbis\modes\setup_8.h" />
    <ClInclude Include="include\vorbis\modes\setup_11.h" />
    <ClInclude Include="include\vorbis\modes\setup_16.h" />
    <ClInclude Include="include\vorbis\modes\setup_22.h" />
    <ClInclude Include="include\vorbis\modes\setup_32.h" />
    <ClInclude Include="include\vorbis\modes\setup_44.h" />
    <ClInclude Include="include\vorbis\modes\setup_44p51.h" />
    <ClInclude Include="include\vorbis\modes\setup_44u.h" />
    <ClInclude Include="include\vorbis\modes\setup_X.h" />
    <ClInclude Include="include\vorbis\books\floor\floor_books.h" />
    <ClInclude Include="include\vorbis\books\uncoupled\res_books_uncoupled.h" />
    <ClInclude Include="include\vorbis\books\coupled\res_books_51.h" />
    <ClInclude Include="include\vorbis\books\coupled\res_books_stereo.h" />
  </ItemGroup>
  <ItemGroup>
    <ClCompile Include="src\mdct.c" />
    <ClCompile Include="src\smallft.c" />
    <ClCompile Include="src\block.c" />
    <ClCompile Include="src\envelope.c" />
    <ClCompile Include="src\window.c" />
    <ClCompile Include="src\lsp.c" />
    <ClCompile Include="src\lpc.c" />
    <ClCompile Include="src\analysis.c" />
    <ClCompile Include="src\synthesis.c" />
    <ClCompile Include="src\psy.c" />
    <ClCompile Include="src\info.c" />
    <ClCompile Include="src\floor0.c" />
    <ClCompile Include="src\floor1.c" />
    <ClCompile Include="src\res0.c" />
    <ClCompile Include="src\registry.c" />
    <ClCompile Include="src\mapping0.c" />
    <ClCompile Include="src\codebook.c" />
    <ClCompile Include="src\sharedbook.c" />
    <ClCompile Include="src\lookup.c" />
    <ClCompile Include="src\bitrate.c" />
    <ClCompile Include="src\vorbisenc.c" />
  </ItemGroup>
</Project>